
Microsoft Visual Studio Solution File, Format Version 12.00
# Visual Studio Version 17
VisualStudioVersion = 17.10.35004.147
MinimumVisualStudioVersion = 10.0.40219.1
Project("{FAE04EC0-301F-11D3-BF4B-00C04F79EFBC}") = "WindowsFormsApp1", "WindowsFormsApp1\WindowsFormsApp1.csproj", "{10872487-AF43-40B5-9A00-FA5A6946082C}"
EndProject
Global
	GlobalSection(SolutionConfigurationPlatforms) = preSolution
		Debug|Any CPU = Debug|Any CPU
		Release|Any CPU = Release|Any CPU
	EndGlobalSection
	GlobalSection(ProjectConfigurationPlatforms) = postSolution
		{10872487-AF43-40B5-9A00-FA5A6946082C}.Debug|Any CPU.ActiveCfg = Debug|Any CPU
		{10872487-AF43-40B5-9A00-FA5A6946082C}.Debug|Any CPU.Build.0 = Debug|Any CPU
		{10872487-AF43-40B5-9A00-FA5A6946082C}.Release|Any CPU.ActiveCfg = Release|Any CPU
		{10872487-AF43-40B5-9A00-FA5A6946082C}.Release|Any CPU.Build.0 = Release|Any CPU
	EndGlobalSection
	GlobalSection(SolutionProperties) = preSolution
		HideSolutionNode = FALSE
	EndGlobalSection
	GlobalSection(ExtensibilityGlobals) = postSolution
		SolutionGuid = {F9811099-001A-4E61-93A1-0D2393C6BA10}
	EndGlobalSection
EndGlobal
